
Microsoft Visual Studio Solution File, Format Version 12.00
# Visual Studio Version 17
VisualStudioVersion = 17.9.34714.143
MinimumVisualStudioVersion = 10.0.40219.1
Project("{FAE04EC0-301F-11D3-BF4B-00C04F79EFBC}") = "UsuarioRepository", "UsuarioRepository\UsuarioRepository.csproj", "{32B1EDA9-B96B-472E-ADBB-74B1C56A6C06}"
EndProject
Project("{FAE04EC0-301F-11D3-BF4B-00C04F79EFBC}") = "Application", "Application\Application.csproj", "{BFB20498-F4AB-4C95-93E6-4ECE76DA4B57}"
EndProject
Project("{FAE04EC0-301F-11D3-BF4B-00C04F79EFBC}") = "Domain", "Domain\Domain.csproj", "{C86B7BA1-12B1-4AA1-A12E-33F9A318301D}"
EndProject
Project("{FAE04EC0-301F-11D3-BF4B-00C04F79EFBC}") = "Infrastructure", "Infrastructure\Infrastructure.csproj", "{1B2F87DE-EFC5-40C9-9809-C4C9D6EDF3EE}"
EndProject
Global
	GlobalSection(SolutionConfigurationPlatforms) = preSolution
		Debug|Any CPU = Debug|Any CPU
		Release|Any CPU = Release|Any CPU
	EndGlobalSection
	GlobalSection(ProjectConfigurationPlatforms) = postSolution
		{32B1EDA9-B96B-472E-ADBB-74B1C56A6C06}.Debug|Any CPU.ActiveCfg = Debug|Any CPU
		{32B1EDA9-B96B-472E-ADBB-74B1C56A6C06}.Debug|Any CPU.Build.0 = Debug|Any CPU
		{32B1EDA9-B96B-472E-ADBB-74B1C56A6C06}.Release|Any CPU.ActiveCfg = Release|Any CPU
		{32B1EDA9-B96B-472E-ADBB-74B1C56A6C06}.Release|Any CPU.Build.0 = Release|Any CPU
		{BFB20498-F4AB-4C95-93E6-4ECE76DA4B57}.Debug|Any CPU.ActiveCfg = Debug|Any CPU
		{BFB20498-F4AB-4C95-93E6-4ECE76DA4B57}.Debug|Any CPU.Build.0 = Debug|Any CPU
		{BFB20498-F4AB-4C95-93E6-4ECE76DA4B57}.Release|Any CPU.ActiveCfg = Release|Any CPU
		{BFB20498-F4AB-4C95-93E6-4ECE76DA4B57}.Release|Any CPU.Build.0 = Release|Any CPU
		{C86B7BA1-12B1-4AA1-A12E-33F9A318301D}.Debug|Any CPU.ActiveCfg = Debug|Any CPU
		{C86B7BA1-12B1-4AA1-A12E-33F9A318301D}.Debug|Any CPU.Build.0 = Debug|Any CPU
		{C86B7BA1-12B1-4AA1-A12E-33F9A318301D}.Release|Any CPU.ActiveCfg = Release|Any CPU
		{C86B7BA1-12B1-4AA1-A12E-33F9A318301D}.Release|Any CPU.Build.0 = Release|Any CPU
		{1B2F87DE-EFC5-40C9-9809-C4C9D6EDF3EE}.Debug|Any CPU.ActiveCfg = Debug|Any CPU
		{1B2F87DE-EFC5-40C9-9809-C4C9D6EDF3EE}.Debug|Any CPU.Build.0 = Debug|Any CPU
		{1B2F87DE-EFC5-40C9-9809-C4C9D6EDF3EE}.Release|Any CPU.ActiveCfg = Release|Any CPU
		{1B2F87DE-EFC5-40C9-9809-C4C9D6EDF3EE}.Release|Any CPU.Build.0 = Release|Any CPU
	EndGlobalSection
	GlobalSection(SolutionProperties) = preSolution
		HideSolutionNode = FALSE
	EndGlobalSection
	GlobalSection(ExtensibilityGlobals) = postSolution
		SolutionGuid = {CE593DE3-5704-4630-87C9-11E073BCB9CC}
	EndGlobalSection
EndGlobal
